
Microsoft Visual Studio Solution File, Format Version 12.00
# Visual Studio Version 17
VisualStudioVersion = 17.8.34004.107
MinimumVisualStudioVersion = 10.0.40219.1
Project("{9A19103F-16F7-4668-BE54-9A1E7A4F7556}") = "Core_Console", "Core_Console\Core_Console.csproj", "{16A413B4-3D61-48BF-B9F1-4B3D0C99EDC2}"
EndProject
Project("{FAE04EC0-301F-11D3-BF4B-00C04F79EFBC}") = "Framework_Console", "Framework_Console\Framework_Console.csproj", "{17E8457C-9634-48C0-9CE8-52B93C217664}"
EndProject
Project("{D954291E-2A0B-460D-934E-DC6B0785DB48}") = "Shared", "Shared\Shared.shproj", "{38296E4A-82DD-456A-A7B5-4CF839425F95}"
EndProject
Project("{9A19103F-16F7-4668-BE54-9A1E7A4F7556}") = "Multi", "Multi\Multi.csproj", "{1C89B47F-9BD4-4C15-B8C1-1D74977213C7}"
EndProject
Project("{2150E333-8FDC-42A3-9474-1A3956D46DE8}") = "Solution Items", "Solution Items", "{3E826C22-0EB5-4859-ACD7-D58491764CCC}"
	ProjectSection(SolutionItems) = preProject
		.editorconfig = .editorconfig
		Attributes.cs = Attributes.cs
	EndProjectSection
EndProject
Project("{FAE04EC0-301F-11D3-BF4B-00C04F79EFBC}") = "Core_Lib", "Core_Lib\Core_Lib.csproj", "{BF9F12FC-3C70-46BA-A96F-6EB2C8DFB2B7}"
EndProject
Project("{FAE04EC0-301F-11D3-BF4B-00C04F79EFBC}") = "Nuget", "Nuget\Nuget.csproj", "{06C5729A-336C-476D-A884-EB123D323B0E}"
EndProject
Global
	GlobalSection(SolutionConfigurationPlatforms) = preSolution
		Debug|Any CPU = Debug|Any CPU
		Release|Any CPU = Release|Any CPU
	EndGlobalSection
	GlobalSection(ProjectConfigurationPlatforms) = postSolution
		{16A413B4-3D61-48BF-B9F1-4B3D0C99EDC2}.Debug|Any CPU.ActiveCfg = Debug|Any CPU
		{16A413B4-3D61-48BF-B9F1-4B3D0C99EDC2}.Debug|Any CPU.Build.0 = Debug|Any CPU
		{16A413B4-3D61-48BF-B9F1-4B3D0C99EDC2}.Release|Any CPU.ActiveCfg = Release|Any CPU
		{16A413B4-3D61-48BF-B9F1-4B3D0C99EDC2}.Release|Any CPU.Build.0 = Release|Any CPU
		{17E8457C-9634-48C0-9CE8-52B93C217664}.Debug|Any CPU.ActiveCfg = Debug|Any CPU
		{17E8457C-9634-48C0-9CE8-52B93C217664}.Debug|Any CPU.Build.0 = Debug|Any CPU
		{17E8457C-9634-48C0-9CE8-52B93C217664}.Release|Any CPU.ActiveCfg = Release|Any CPU
		{17E8457C-9634-48C0-9CE8-52B93C217664}.Release|Any CPU.Build.0 = Release|Any CPU
		{1C89B47F-9BD4-4C15-B8C1-1D74977213C7}.Debug|Any CPU.ActiveCfg = Debug|Any CPU
		{1C89B47F-9BD4-4C15-B8C1-1D74977213C7}.Debug|Any CPU.Build.0 = Debug|Any CPU
		{1C89B47F-9BD4-4C15-B8C1-1D74977213C7}.Release|Any CPU.ActiveCfg = Release|Any CPU
		{1C89B47F-9BD4-4C15-B8C1-1D74977213C7}.Release|Any CPU.Build.0 = Release|Any CPU
		{BF9F12FC-3C70-46BA-A96F-6EB2C8DFB2B7}.Debug|Any CPU.ActiveCfg = Debug|Any CPU
		{BF9F12FC-3C70-46BA-A96F-6EB2C8DFB2B7}.Debug|Any CPU.Build.0 = Debug|Any CPU
		{BF9F12FC-3C70-46BA-A96F-6EB2C8DFB2B7}.Release|Any CPU.ActiveCfg = Release|Any CPU
		{BF9F12FC-3C70-46BA-A96F-6EB2C8DFB2B7}.Release|Any CPU.Build.0 = Release|Any CPU
		{06C5729A-336C-476D-A884-EB123D323B0E}.Debug|Any CPU.ActiveCfg = Debug|Any CPU
		{06C5729A-336C-476D-A884-EB123D323B0E}.Debug|Any CPU.Build.0 = Debug|Any CPU
		{06C5729A-336C-476D-A884-EB123D323B0E}.Release|Any CPU.ActiveCfg = Release|Any CPU
		{06C5729A-336C-476D-A884-EB123D323B0E}.Release|Any CPU.Build.0 = Release|Any CPU
	EndGlobalSection
	GlobalSection(SolutionProperties) = preSolution
		HideSolutionNode = FALSE
	EndGlobalSection
	GlobalSection(ExtensibilityGlobals) = postSolution
		SolutionGuid = {A11CB0AD-C65E-41EC-AF91-CE7A4F4FEB81}
	EndGlobalSection
	GlobalSection(SharedMSBuildProjectFiles) = preSolution
		Shared\Shared.projitems*{17e8457c-9634-48c0-9ce8-52b93c217664}*SharedItemsImports = 4
		Shared\Shared.projitems*{1c89b47f-9bd4-4c15-b8c1-1d74977213c7}*SharedItemsImports = 5
		Shared\Shared.projitems*{38296e4a-82dd-456a-a7b5-4cf839425f95}*SharedItemsImports = 13
		Shared\Shared.projitems*{bf9f12fc-3c70-46ba-a96f-6eb2c8dfb2b7}*SharedItemsImports = 5
	EndGlobalSection
EndGlobal
